
Microsoft Visual Studio Solution File, Format Version 12.00
Project("{FAE04EC0-301F-11D3-BF4B-00C04F79EFBC}") = "SupportBank", "SupportBank\SupportBank.csproj", "{B1305C49-ADB0-46E4-82AD-E051EE209F35}"
EndProject
Global
	GlobalSection(SolutionConfigurationPlatforms) = preSolution
		Debug|Any CPU = Debug|Any CPU
		Release|Any CPU = Release|Any CPU
	EndGlobalSection
	GlobalSection(ProjectConfigurationPlatforms) = postSolution
		{B1305C49-ADB0-46E4-82AD-E051EE209F35}.Debug|Any CPU.ActiveCfg = Debug|Any CPU
		{B1305C49-ADB0-46E4-82AD-E051EE209F35}.Debug|Any CPU.Build.0 = Debug|Any CPU
		{B1305C49-ADB0-46E4-82AD-E051EE209F35}.Release|Any CPU.ActiveCfg = Release|Any CPU
		{B1305C49-ADB0-46E4-82AD-E051EE209F35}.Release|Any CPU.Build.0 = Release|Any CPU
	EndGlobalSection
EndGlobal
